
Microsoft Visual Studio Solution File, Format Version 12.00
# Visual Studio 15
VisualStudioVersion = 15.0.28307.1209
MinimumVisualStudioVersion = 10.0.40219.1
Project("{9A19103F-16F7-4668-BE54-9A1E7A4F7556}") = "Ocean.Application", "Ocean.Application\Ocean.Application.csproj", "{15C27EEC-8564-4E46-8381-E7B1E01536C1}"
EndProject
Project("{9A19103F-16F7-4668-BE54-9A1E7A4F7556}") = "Ocean.Application.Shared", "Ocean.Application.Shared\Ocean.Application.Shared.csproj", "{AA0DAD04-BD40-4B4D-9BD8-C728C8E35900}"
EndProject
Project("{9A19103F-16F7-4668-BE54-9A1E7A4F7556}") = "Ocean.Common", "Ocean.Common\Ocean.Common.csproj", "{C421AB57-2C42-4D5B-A669-E6C0B8464638}"
EndProject
Project("{9A19103F-16F7-4668-BE54-9A1E7A4F7556}") = "Ocean.Core", "Ocean.Core\Ocean.Core.csproj", "{2A37C141-D870-4F77-97C3-A45A73DF5342}"
EndProject
Project("{9A19103F-16F7-4668-BE54-9A1E7A4F7556}") = "Ocean.Core.Shared", "Ocean.Core.Shared\Ocean.Core.Shared.csproj", "{125DC2D3-8379-4DF9-8861-D992CD6A192F}"
EndProject
Project("{9A19103F-16F7-4668-BE54-9A1E7A4F7556}") = "Ocean.EntityFrameworkCore", "Ocean.EntityFrameworkCore\Ocean.EntityFrameworkCore.csproj", "{56C22BCE-1DE2-47CC-BD3A-AB1195E759C4}"
EndProject
Project("{9A19103F-16F7-4668-BE54-9A1E7A4F7556}") = "Ocean.Migrator", "Ocean.Migrator\Ocean.Migrator.csproj", "{615AD9B2-3D60-417F-B2C5-C72B84B5E6E8}"
EndProject
Project("{9A19103F-16F7-4668-BE54-9A1E7A4F7556}") = "Ocean.Web.Core", "Ocean.Web.Core\Ocean.Web.Core.csproj", "{666F649D-0E28-4C55-9679-33D43B6F9354}"
EndProject
Project("{9A19103F-16F7-4668-BE54-9A1E7A4F7556}") = "Ocean.Web.Host", "Ocean.Web.Host\Ocean.Web.Host.csproj", "{5F3CE3A0-4978-4BD3-B41A-F614BB6BB900}"
EndProject
Project("{9A19103F-16F7-4668-BE54-9A1E7A4F7556}") = "Ocean.WeChat", "Ocean.WeChat\Ocean.WeChat.csproj", "{83CCD77D-6FAB-47DA-9026-E13F3E996E65}"
EndProject
Project("{9A19103F-16F7-4668-BE54-9A1E7A4F7556}") = "Ocean.Domain", "Ocean.Domain\Ocean.Domain.csproj", "{D662F32A-834C-4DED-8557-8203040E7139}"
EndProject
Project("{9A19103F-16F7-4668-BE54-9A1E7A4F7556}") = "Ocean.Domain.Shared", "Ocean.Domain.Shared\Ocean.Domain.Shared.csproj", "{C5233CD7-BF65-42BC-B0E8-5CC6D8A83140}"
EndProject
Project("{FAE04EC0-301F-11D3-BF4B-00C04F79EFBC}") = "Ocean.Abp", "Ocean.Abp\Ocean.Abp.csproj", "{766F569F-FDC7-4AFC-A7BC-09D81D4C3FAA}"
EndProject
Global
	GlobalSection(SolutionConfigurationPlatforms) = preSolution
		Debug|Any CPU = Debug|Any CPU
		Release|Any CPU = Release|Any CPU
	EndGlobalSection
	GlobalSection(ProjectConfigurationPlatforms) = postSolution
		{15C27EEC-8564-4E46-8381-E7B1E01536C1}.Debug|Any CPU.ActiveCfg = Debug|Any CPU
		{15C27EEC-8564-4E46-8381-E7B1E01536C1}.Debug|Any CPU.Build.0 = Debug|Any CPU
		{15C27EEC-8564-4E46-8381-E7B1E01536C1}.Release|Any CPU.ActiveCfg = Release|Any CPU
		{15C27EEC-8564-4E46-8381-E7B1E01536C1}.Release|Any CPU.Build.0 = Release|Any CPU
		{AA0DAD04-BD40-4B4D-9BD8-C728C8E35900}.Debug|Any CPU.ActiveCfg = Debug|Any CPU
		{AA0DAD04-BD40-4B4D-9BD8-C728C8E35900}.Debug|Any CPU.Build.0 = Debug|Any CPU
		{AA0DAD04-BD40-4B4D-9BD8-C728C8E35900}.Release|Any CPU.ActiveCfg = Release|Any CPU
		{AA0DAD04-BD40-4B4D-9BD8-C728C8E35900}.Release|Any CPU.Build.0 = Release|Any CPU
		{C421AB57-2C42-4D5B-A669-E6C0B8464638}.Debug|Any CPU.ActiveCfg = Debug|Any CPU
		{C421AB57-2C42-4D5B-A669-E6C0B8464638}.Debug|Any CPU.Build.0 = Debug|Any CPU
		{C421AB57-2C42-4D5B-A669-E6C0B8464638}.Release|Any CPU.ActiveCfg = Release|Any CPU
		{C421AB57-2C42-4D5B-A669-E6C0B8464638}.Release|Any CPU.Build.0 = Release|Any CPU
		{2A37C141-D870-4F77-97C3-A45A73DF5342}.Debug|Any CPU.ActiveCfg = Debug|Any CPU
		{2A37C141-D870-4F77-97C3-A45A73DF5342}.Debug|Any CPU.Build.0 = Debug|Any CPU
		{2A37C141-D870-4F77-97C3-A45A73DF5342}.Release|Any CPU.ActiveCfg = Release|Any CPU
		{2A37C141-D870-4F77-97C3-A45A73DF5342}.Release|Any CPU.Build.0 = Release|Any CPU
		{125DC2D3-8379-4DF9-8861-D992CD6A192F}.Debug|Any CPU.ActiveCfg = Debug|Any CPU
		{125DC2D3-8379-4DF9-8861-D992CD6A192F}.Debug|Any CPU.Build.0 = Debug|Any CPU
		{125DC2D3-8379-4DF9-8861-D992CD6A192F}.Release|Any CPU.ActiveCfg = Release|Any CPU
		{125DC2D3-8379-4DF9-8861-D992CD6A192F}.Release|Any CPU.Build.0 = Release|Any CPU
		{56C22BCE-1DE2-47CC-BD3A-AB1195E759C4}.Debug|Any CPU.ActiveCfg = Debug|Any CPU
		{56C22BCE-1DE2-47CC-BD3A-AB1195E759C4}.Debug|Any CPU.Build.0 = Debug|Any CPU
		{56C22BCE-1DE2-47CC-BD3A-AB1195E759C4}.Release|Any CPU.ActiveCfg = Release|Any CPU
		{56C22BCE-1DE2-47CC-BD3A-AB1195E759C4}.Release|Any CPU.Build.0 = Release|Any CPU
		{615AD9B2-3D60-417F-B2C5-C72B84B5E6E8}.Debug|Any CPU.ActiveCfg = Debug|Any CPU
		{615AD9B2-3D60-417F-B2C5-C72B84B5E6E8}.Debug|Any CPU.Build.0 = Debug|Any CPU
		{615AD9B2-3D60-417F-B2C5-C72B84B5E6E8}.Release|Any CPU.ActiveCfg = Release|Any CPU
		{615AD9B2-3D60-417F-B2C5-C72B84B5E6E8}.Release|Any CPU.Build.0 = Release|Any CPU
		{666F649D-0E28-4C55-9679-33D43B6F9354}.Debug|Any CPU.ActiveCfg = Debug|Any CPU
		{666F649D-0E28-4C55-9679-33D43B6F9354}.Debug|Any CPU.Build.0 = Debug|Any CPU
		{666F649D-0E28-4C55-9679-33D43B6F9354}.Release|Any CPU.ActiveCfg = Release|Any CPU
		{666F649D-0E28-4C55-9679-33D43B6F9354}.Release|Any CPU.Build.0 = Release|Any CPU
		{5F3CE3A0-4978-4BD3-B41A-F614BB6BB900}.Debug|Any CPU.ActiveCfg = Debug|Any CPU
		{5F3CE3A0-4978-4BD3-B41A-F614BB6BB900}.Debug|Any CPU.Build.0 = Debug|Any CPU
		{5F3CE3A0-4978-4BD3-B41A-F614BB6BB900}.Release|Any CPU.ActiveCfg = Release|Any CPU
		{5F3CE3A0-4978-4BD3-B41A-F614BB6BB900}.Release|Any CPU.Build.0 = Release|Any CPU
		{83CCD77D-6FAB-47DA-9026-E13F3E996E65}.Debug|Any CPU.ActiveCfg = Debug|Any CPU
		{83CCD77D-6FAB-47DA-9026-E13F3E996E65}.Debug|Any CPU.Build.0 = Debug|Any CPU
		{83CCD77D-6FAB-47DA-9026-E13F3E996E65}.Release|Any CPU.ActiveCfg = Release|Any CPU
		{83CCD77D-6FAB-47DA-9026-E13F3E996E65}.Release|Any CPU.Build.0 = Release|Any CPU
		{D662F32A-834C-4DED-8557-8203040E7139}.Debug|Any CPU.ActiveCfg = Debug|Any CPU
		{D662F32A-834C-4DED-8557-8203040E7139}.Debug|Any CPU.Build.0 = Debug|Any CPU
		{D662F32A-834C-4DED-8557-8203040E7139}.Release|Any CPU.ActiveCfg = Release|Any CPU
		{D662F32A-834C-4DED-8557-8203040E7139}.Release|Any CPU.Build.0 = Release|Any CPU
		{C5233CD7-BF65-42BC-B0E8-5CC6D8A83140}.Debug|Any CPU.ActiveCfg = Debug|Any CPU
		{C5233CD7-BF65-42BC-B0E8-5CC6D8A83140}.Debug|Any CPU.Build.0 = Debug|Any CPU
		{C5233CD7-BF65-42BC-B0E8-5CC6D8A83140}.Release|Any CPU.ActiveCfg = Release|Any CPU
		{C5233CD7-BF65-42BC-B0E8-5CC6D8A83140}.Release|Any CPU.Build.0 = Release|Any CPU
		{766F569F-FDC7-4AFC-A7BC-09D81D4C3FAA}.Debug|Any CPU.ActiveCfg = Debug|Any CPU
		{766F569F-FDC7-4AFC-A7BC-09D81D4C3FAA}.Debug|Any CPU.Build.0 = Debug|Any CPU
		{766F569F-FDC7-4AFC-A7BC-09D81D4C3FAA}.Release|Any CPU.ActiveCfg = Release|Any CPU
		{766F569F-FDC7-4AFC-A7BC-09D81D4C3FAA}.Release|Any CPU.Build.0 = Release|Any CPU
	EndGlobalSection
	GlobalSection(SolutionProperties) = preSolution
		HideSolutionNode = FALSE
	EndGlobalSection
	GlobalSection(ExtensibilityGlobals) = postSolution
		SolutionGuid = {4813E033-3E1D-45F0-873D-B13E64A123DF}
	EndGlobalSection
EndGlobal
